
Microsoft Visual Studio Solution File, Format Version 12.00
# Visual Studio Version 17
VisualStudioVersion = 17.13.35931.197 d17.13
MinimumVisualStudioVersion = 10.0.40219.1
Project("{FAE04EC0-301F-11D3-BF4B-00C04F79EFBC}") = "Registracni_system", "Registracni_system\Registracni_system.csproj", "{7EE83AA5-B6F1-4B60-B0D5-FDB03B1A8541}"
EndProject
Global
	GlobalSection(SolutionConfigurationPlatforms) = preSolution
		Debug|Any CPU = Debug|Any CPU
		Release|Any CPU = Release|Any CPU
	EndGlobalSection
	GlobalSection(ProjectConfigurationPlatforms) = postSolution
		{7EE83AA5-B6F1-4B60-B0D5-FDB03B1A8541}.Debug|Any CPU.ActiveCfg = Debug|Any CPU
		{7EE83AA5-B6F1-4B60-B0D5-FDB03B1A8541}.Debug|Any CPU.Build.0 = Debug|Any CPU
		{7EE83AA5-B6F1-4B60-B0D5-FDB03B1A8541}.Release|Any CPU.ActiveCfg = Release|Any CPU
		{7EE83AA5-B6F1-4B60-B0D5-FDB03B1A8541}.Release|Any CPU.Build.0 = Release|Any CPU
	EndGlobalSection
	GlobalSection(SolutionProperties) = preSolution
		HideSolutionNode = FALSE
	EndGlobalSection
	GlobalSection(ExtensibilityGlobals) = postSolution
		SolutionGuid = {51A03359-9279-47A5-B481-733DB3377748}
	EndGlobalSection
EndGlobal
